
Microsoft Visual Studio Solution File, Format Version 12.00
# Visual Studio 15
VisualStudioVersion = 15.0.27703.2047
MinimumVisualStudioVersion = 10.0.40219.1
Project("{8BC9CEB8-8B4A-11D0-8D11-00A0C91BC942}") = "K3DModelConverter", "K3DModelConverter\K3DModelConverter.vcxproj", "{84D4535E-4425-457B-A566-CADCE97C497B}"
EndProject
Global
	GlobalSection(SolutionConfigurationPlatforms) = preSolution
		Debug|x64 = Debug|x64
		Debug|x86 = Debug|x86
		Release|x64 = Release|x64
		Release|x86 = Release|x86
	EndGlobalSection
	GlobalSection(ProjectConfigurationPlatforms) = postSolution
		{84D4535E-4425-457B-A566-CADCE97C497B}.Debug|x64.ActiveCfg = Debug|x64
		{84D4535E-4425-457B-A566-CADCE97C497B}.Debug|x64.Build.0 = Debug|x64
		{84D4535E-4425-457B-A566-CADCE97C497B}.Debug|x86.ActiveCfg = Debug|Win32
		{84D4535E-4425-457B-A566-CADCE97C497B}.Debug|x86.Build.0 = Debug|Win32
		{84D4535E-4425-457B-A566-CADCE97C497B}.Release|x64.ActiveCfg = Release|x64
		{84D4535E-4425-457B-A566-CADCE97C497B}.Release|x64.Build.0 = Release|x64
		{84D4535E-4425-457B-A566-CADCE97C497B}.Release|x86.ActiveCfg = Release|Win32
		{84D4535E-4425-457B-A566-CADCE97C497B}.Release|x86.Build.0 = Release|Win32
	EndGlobalSection
	GlobalSection(SolutionProperties) = preSolution
		HideSolutionNode = FALSE
	EndGlobalSection
	GlobalSection(ExtensibilityGlobals) = postSolution
		SolutionGuid = {2407D50C-27B9-490F-A01A-75B44B4B4D04}
	EndGlobalSection
EndGlobal
